
Microsoft Visual Studio Solution File, Format Version 12.00
# Visual Studio Version 16
VisualStudioVersion = 16.0.31727.386
MinimumVisualStudioVersion = 10.0.40219.1
Project("{9A19103F-16F7-4668-BE54-9A1E7A4F7556}") = "ForexExchange", "ForexExchange\ForexExchange.csproj", "{21FAA083-4B86-4129-A075-F1027B2F754B}"
EndProject
Project("{FAE04EC0-301F-11D3-BF4B-00C04F79EFBC}") = "ForexExchangeMonitoring.Domain", "ForexExchangeMonitoring.Domain\ForexExchangeMonitoring.Domain.csproj", "{76515E31-548F-4267-AD32-DE9F8D7D8219}"
EndProject
Project("{FAE04EC0-301F-11D3-BF4B-00C04F79EFBC}") = "ForexExchangeMonitoring.Infrastructure.Data", "ForexExchangeMonitoring.Infrastructure.Data\ForexExchangeMonitoring.Infrastructure.Data.csproj", "{EE965435-E448-42E6-BA66-10F18D63A654}"
EndProject
Global
	GlobalSection(SolutionConfigurationPlatforms) = preSolution
		Debug|Any CPU = Debug|Any CPU
		Release|Any CPU = Release|Any CPU
	EndGlobalSection
	GlobalSection(ProjectConfigurationPlatforms) = postSolution
		{21FAA083-4B86-4129-A075-F1027B2F754B}.Debug|Any CPU.ActiveCfg = Debug|Any CPU
		{21FAA083-4B86-4129-A075-F1027B2F754B}.Debug|Any CPU.Build.0 = Debug|Any CPU
		{21FAA083-4B86-4129-A075-F1027B2F754B}.Release|Any CPU.ActiveCfg = Release|Any CPU
		{21FAA083-4B86-4129-A075-F1027B2F754B}.Release|Any CPU.Build.0 = Release|Any CPU
		{76515E31-548F-4267-AD32-DE9F8D7D8219}.Debug|Any CPU.ActiveCfg = Debug|Any CPU
		{76515E31-548F-4267-AD32-DE9F8D7D8219}.Debug|Any CPU.Build.0 = Debug|Any CPU
		{76515E31-548F-4267-AD32-DE9F8D7D8219}.Release|Any CPU.ActiveCfg = Release|Any CPU
		{76515E31-548F-4267-AD32-DE9F8D7D8219}.Release|Any CPU.Build.0 = Release|Any CPU
		{EE965435-E448-42E6-BA66-10F18D63A654}.Debug|Any CPU.ActiveCfg = Debug|Any CPU
		{EE965435-E448-42E6-BA66-10F18D63A654}.Debug|Any CPU.Build.0 = Debug|Any CPU
		{EE965435-E448-42E6-BA66-10F18D63A654}.Release|Any CPU.ActiveCfg = Release|Any CPU
		{EE965435-E448-42E6-BA66-10F18D63A654}.Release|Any CPU.Build.0 = Release|Any CPU
	EndGlobalSection
	GlobalSection(SolutionProperties) = preSolution
		HideSolutionNode = FALSE
	EndGlobalSection
	GlobalSection(ExtensibilityGlobals) = postSolution
		SolutionGuid = {3150E477-5B40-47C9-987B-0C523A7793CB}
	EndGlobalSection
EndGlobal
